
Microsoft Visual Studio Solution File, Format Version 12.00
# Visual Studio Version 16
VisualStudioVersion = 16.0.29102.190
MinimumVisualStudioVersion = 10.0.40219.1
Project("{FAE04EC0-301F-11D3-BF4B-00C04F79EFBC}") = "OCR", "OCR\OCR.csproj", "{0E3BC862-964C-4250-85FD-453BE7C662B5}"
EndProject
Global
	GlobalSection(SolutionConfigurationPlatforms) = preSolution
		Debug|Any CPU = Debug|Any CPU
		Release|Any CPU = Release|Any CPU
	EndGlobalSection
	GlobalSection(ProjectConfigurationPlatforms) = postSolution
		{0E3BC862-964C-4250-85FD-453BE7C662B5}.Debug|Any CPU.ActiveCfg = Debug|Any CPU
		{0E3BC862-964C-4250-85FD-453BE7C662B5}.Debug|Any CPU.Build.0 = Debug|Any CPU
		{0E3BC862-964C-4250-85FD-453BE7C662B5}.Release|Any CPU.ActiveCfg = Release|Any CPU
		{0E3BC862-964C-4250-85FD-453BE7C662B5}.Release|Any CPU.Build.0 = Release|Any CPU
	EndGlobalSection
	GlobalSection(SolutionProperties) = preSolution
		HideSolutionNode = FALSE
	EndGlobalSection
	GlobalSection(ExtensibilityGlobals) = postSolution
		SolutionGuid = {F51929F4-1D36-4C4C-92DE-91AA0A23A859}
	EndGlobalSection
EndGlobal
